// !$*UTF8*$!
{
	archiveVersion = 1;
	classes = {
	};
	objectVersion = 46;
	objects = {

/* Begin PBXBuildFile section */
		C67C30A11B85B29100CAFEB0 /* main.cpp in Sources */ = {isa = PBXBuildFile; fileRef = C67C30A01B85B29100CAFEB0 /* main.cpp */; };
		C6BF59E21B86E955001BC741 /* people.cpp in Sources */ = {isa = PBXBuildFile; fileRef = C6BF59E01B86E955001BC741 /* people.cpp */; };
/* End PBXBuildFile section */

/* Begin PBXCopyFilesBuildPhase section */
		C67C309B1B85B29100CAFEB0 /* CopyFiles */ = {
			isa = PBXCopyFilesBuildPhase;
			buildActionMask = 2147483647;
			dstPath = /usr/share/man/man1/;
			dstSubfolderSpec = 0;
			files = (
			);
			runOnlyForDeploymentPostprocessing = 1;
		};
/* End PBXCopyFilesBuildPhase section */

/* Begin PBXFileReference section */
		C67C309D1B85B29100CAFEB0 /* L01oon */ = {isa = PBXFileReference; explicitFileType = "compiled.mach-o.executable"; includeInIndex = 0; path = L01oon; sourceTree = BUILT_PRODUCTS_DIR; };
		C67C30A01B85B29100CAFEB0 /* main.cpp */ = {isa = PBXFileReference; lastKnownFileType = sourcecode.cpp.cpp; path = main.cpp; sourceTree = "<group>"; };
		C6BF59E01B86E955001BC741 /* people.cpp */ = {isa = PBXFileReference; fileEncoding = 4; lastKnownFileType = sourcecode.cpp.cpp; path = people.cpp; sourceTree = "<group>"; };
		C6BF59E11B86E955001BC741 /* people.h */ = {isa = PBXFileReference; fileEncoding = 4; lastKnownFileType = sourcecode.c.h; path = people.h; sourceTree = "<group>"; };
/* End PBXFileReference section */

/* Begin PBXFrameworksBuildPhase section */
		C67C309A1B85B29100CAFEB0 /* Frameworks */ = {
			isa = PBXFrameworksBuildPhase;
			buildActionMask = 2147483647;
			files = (
			);
			runOnlyForDeploymentPostprocessing = 0;
		};
/* End PBXFrameworksBuildPhase section */

/* Begin PBXGroup section */
		C67C30941B85B29100CAFEB0 = {
			isa = PBXGroup;
			children = (
				C67C309F1B85B29100CAFEB0 /* L01oon */,
				C67C309E1B85B29100CAFEB0 /* Products */,
			);
			sourceTree = "<group>";
		};
		C67C309E1B85B29100CAFEB0 /* Products */ = {
			isa = PBXGroup;
			children = (
				C67C309D1B85B29100CAFEB0 /* L01oon */,
			);
			name = Products;
			sourceTree = "<group>";
		};
		C67C309F1B85B29100CAFEB0 /* L01oon */ = {
			isa = PBXGroup;
			children = (
				C67C30A01B85B29100CAFEB0 /* main.cpp */,
				C6BF59E01B86E955001BC741 /* people.cpp */,
				C6BF59E11B86E955001BC741 /* people.h */,
			);
			path = L01oon;
			sourceTree = "<group>";
		};
/* End PBXGroup section */

/* Begin PBXNativeTarget section */
		C67C309C1B85B29100CAFEB0 /* L01oon */ = {
			isa = PBXNativeTarget;
			buildConfigurationList = C67C30A41B85B29100CAFEB0 /* Build configuration list for PBXNativeTarget "L01oon" */;
			buildPhases = (
				C67C30991B85B29100CAFEB0 /* Sources */,
				C67C309A1B85B29100CAFEB0 /* Frameworks */,
				C67C309B1B85B29100CAFEB0 /* CopyFiles */,
			);
			buildRules = (
			);
			dependencies = (
			);
			name = L01oon;
			productName = L01oon;
			productReference = C67C309D1B85B29100CAFEB0 /* L01oon */;
			productType = "com.apple.product-type.tool";
		};
/* End PBXNativeTarget section */

/* Begin PBXProject section */
		C67C30951B85B29100CAFEB0 /* Project object */ = {
			isa = PBXProject;
			attributes = {
				LastUpgradeCheck = 0640;
				ORGANIZATIONNAME = "陈韬";
				TargetAttributes = {
					C67C309C1B85B29100CAFEB0 = {
						CreatedOnToolsVersion = 6.4;
					};
				};
			};
			buildConfigurationList = C67C30981B85B29100CAFEB0 /* Build configuration list for PBXProject "L01oon" */;
			compatibilityVersion = "Xcode 3.2";
			developmentRegion = English;
			hasScannedForEncodings = 0;
			knownRegions = (
				en,
			);
			mainGroup = C67C30941B85B29100CAFEB0;
			productRefGroup = C67C309E1B85B29100CAFEB0 /* Products */;
			projectDirPath = "";
			projectRoot = "";
			targets = (
				C67C309C1B85B29100CAFEB0 /* L01oon */,
			);
		};
/* End PBXProject section */

/* Begin PBXSourcesBuildPhase section */
		C67C30991B85B29100CAFEB0 /* Sources */ = {
			isa = PBXSourcesBuildPhase;
			buildActionMask = 2147483647;
			files = (
				C6BF59E21B86E955001BC741 /* people.cpp in Sources */,
				C67C30A11B85B29100CAFEB0 /* main.cpp in Sources */,
			);
			runOnlyForDeploymentPostprocessing = 0;
		};
/* End PBXSourcesBuildPhase section */

/* Begin XCBuildConfiguration section */
		C67C30A21B85B29100CAFEB0 /* Debug */ = {
			isa = XCBuildConfiguration;
			buildSettings = {
				ALWAYS_SEARCH_USER_PATHS = NO;
				CLANG_CXX_LANGUAGE_STANDARD = "gnu++0x";
				CLANG_CXX_LIBRARY = "libc++";
				CLANG_ENABLE_MODULES = YES;
				CLANG_ENABLE_OBJC_ARC = YES;
				CLANG_WARN_BOOL_CONVERSION = YES;
				CLANG_WARN_CONSTANT_CONVERSION = YES;
				CLANG_WARN_DIRECT_OBJC_ISA_USAGE = YES_ERROR;
				CLANG_WARN_EMPTY_BODY = YES;
				CLANG_WARN_ENUM_CONVERSION = YES;
				CLANG_WARN_INT_CONVERSION = YES;
				CLANG_WARN_OBJC_ROOT_CLASS = YES_ERROR;
				CLANG_WARN_UNREACHABLE_CODE = YES;
				CLANG_WARN__DUPLICATE_METHOD_MATCH = YES;
				COPY_PHASE_STRIP = NO;
				DEBUG_INFORMATION_FORMAT = dwarf;
				ENABLE_STRICT_OBJC_MSGSEND = YES;
				GCC_C_LANGUAGE_STANDARD = gnu99;
				GCC_DYNAMIC_NO_PIC = NO;
				GCC_NO_COMMON_BLOCKS = YES;
				GCC_OPTIMIZATION_LEVEL = 0;
				GCC_PREPROCESSOR_DEFINITIONS = (
					"DEBUG=1",
					"$(inherited)",
				);
				GCC_SYMBOLS_PRIVATE_EXTERN = NO;
				GCC_WARN_64_TO_32_BIT_CONVERSION = YES;
				GCC_WARN_ABOUT_RETURN_TYPE = YES_ERROR;
				GCC_WARN_UNDECLARED_SELECTOR = YES;
				GCC_WARN_UNINITIALIZED_AUTOS = YES_AGGRESSIVE;
				GCC_WARN_UNUSED_FUNCTION = YES;
				GCC_WARN_UNUSED_VARIABLE = YES;
				MACOSX_DEPLOYMENT_TARGET = 10.10;
				MTL_ENABLE_DEBUG_INFO = YES;
				ONLY_ACTIVE_ARCH = YES;
				SDKROOT = macosx;
			};
			name = Debug;
		};
		C67C30A31B85B29100CAFEB0 /* Release */ = {
			isa = XCBuildConfiguration;
			buildSettings = {
				ALWAYS_SEARCH_USER_PATHS = NO;
				CLANG_CXX_LANGUAGE_STANDARD = "gnu++0x";
				CLANG_CXX_LIBRARY = "libc++";
				CLANG_ENABLE_MODULES = YES;
				CLANG_ENABLE_OBJC_ARC = YES;
				CLANG_WARN_BOOL_CONVERSION = YES;
				CLANG_WARN_CONSTANT_CONVERSION = YES;
				CLANG_WARN_DIRECT_OBJC_ISA_USAGE = YES_ERROR;
				CLANG_WARN_EMPTY_BODY = YES;
				CLANG_WARN_ENUM_CONVERSION = YES;
				CLANG_WARN_INT_CONVERSION = YES;
				CLANG_WARN_OBJC_ROOT_CLASS = YES_ERROR;
				CLANG_WARN_UNREACHABLE_CODE = YES;
				CLANG_WARN__DUPLICATE_METHOD_MATCH = YES;
				COPY_PHASE_STRIP = NO;
				DEBUG_INFORMATION_FORMAT = "dwarf-with-dsym";
				ENABLE_NS_ASSERTIONS = NO;
				ENABLE_STRICT_OBJC_MSGSEND = YES;
				GCC_C_LANGUAGE_STANDARD = gnu99;
				GCC_NO_COMMON_BLOCKS = YES;
				GCC_WARN_64_TO_32_BIT_CONVERSION = YES;
				GCC_WARN_ABOUT_RETURN_TYPE = YES_ERROR;
				GCC_WARN_UNDECLARED_SELECTOR = YES;
				GCC_WARN_UNINITIALIZED_AUTOS = YES_AGGRESSIVE;
				GCC_WARN_UNUSED_FUNCTION = YES;
				GCC_WARN_UNUSED_VARIABLE = YES;
				MACOSX_DEPLOYMENT_TARGET = 10.10;
				MTL_ENABLE_DEBUG_INFO = NO;
				SDKROOT = macosx;
			};
			name = Release;
		};
		C67C30A51B85B29100CAFEB0 /* Debug */ = {
			isa = XCBuildConfiguration;
			buildSettings = {
				PRODUCT_NAME = "$(TARGET_NAME)";
			};
			name = Debug;
		};
		C67C30A61B85B29100CAFEB0 /* Release */ = {
			isa = XCBuildConfiguration;
			buildSettings = {
				PRODUCT_NAME = "$(TARGET_NAME)";
			};
			name = Release;
		};
/* End XCBuildConfiguration section */

/* Begin XCConfigurationList section */
		C67C30981B85B29100CAFEB0 /* Build configuration list for PBXProject "L01oon" */ = {
			isa = XCConfigurationList;
			buildConfigurations = (
				C67C30A21B85B29100CAFEB0 /* Debug */,
				C67C30A31B85B29100CAFEB0 /* Release */,
			);
			defaultConfigurationIsVisible = 0;
			defaultConfigurationName = Release;
		};
		C67C30A41B85B29100CAFEB0 /* Build configuration list for PBXNativeTarget "L01oon" */ = {
			isa = XCConfigurationList;
			buildConfigurations = (
				C67C30A51B85B29100CAFEB0 /* Debug */,
				C67C30A61B85B29100CAFEB0 /* Release */,
			);
			defaultConfigurationIsVisible = 0;
			defaultConfigurationName = Release;
		};
/* End XCConfigurationList section */
	};
	rootObject = C67C30951B85B29100CAFEB0 /* Project object */;
}
